
Microsoft Visual Studio Solution File, Format Version 12.00
# Visual Studio Version 17
VisualStudioVersion = 17.3.32804.467
MinimumVisualStudioVersion = 10.0.40219.1
Project("{FAE04EC0-301F-11D3-BF4B-00C04F79EFBC}") = "FinallyFinalProject", "FinallyFinalProject\FinallyFinalProject.csproj", "{DC79C227-2695-4705-99AE-0D98F10EDEF4}"
EndProject
Global
	GlobalSection(SolutionConfigurationPlatforms) = preSolution
		Debug|Any CPU = Debug|Any CPU
		Release|Any CPU = Release|Any CPU
	EndGlobalSection
	GlobalSection(ProjectConfigurationPlatforms) = postSolution
		{DC79C227-2695-4705-99AE-0D98F10EDEF4}.Debug|Any CPU.ActiveCfg = Debug|Any CPU
		{DC79C227-2695-4705-99AE-0D98F10EDEF4}.Debug|Any CPU.Build.0 = Debug|Any CPU
		{DC79C227-2695-4705-99AE-0D98F10EDEF4}.Release|Any CPU.ActiveCfg = Release|Any CPU
		{DC79C227-2695-4705-99AE-0D98F10EDEF4}.Release|Any CPU.Build.0 = Release|Any CPU
	EndGlobalSection
	GlobalSection(SolutionProperties) = preSolution
		HideSolutionNode = FALSE
	EndGlobalSection
	GlobalSection(ExtensibilityGlobals) = postSolution
		SolutionGuid = {D9808803-CA71-4B54-BDC5-9DB6D7B39C29}
	EndGlobalSection
EndGlobal
